
Microsoft Visual Studio Solution File, Format Version 12.00
# Visual Studio Version 17
VisualStudioVersion = 17.4.33213.308
MinimumVisualStudioVersion = 10.0.40219.1
Project("{FAE04EC0-301F-11D3-BF4B-00C04F79EFBC}") = "RpgGameAPI", "RpgGameAPI\RpgGameAPI.csproj", "{348EE569-0B8E-4763-AEC4-A202D9144E40}"
EndProject
Global
	GlobalSection(SolutionConfigurationPlatforms) = preSolution
		Debug|Any CPU = Debug|Any CPU
		Release|Any CPU = Release|Any CPU
	EndGlobalSection
	GlobalSection(ProjectConfigurationPlatforms) = postSolution
		{348EE569-0B8E-4763-AEC4-A202D9144E40}.Debug|Any CPU.ActiveCfg = Debug|Any CPU
		{348EE569-0B8E-4763-AEC4-A202D9144E40}.Debug|Any CPU.Build.0 = Debug|Any CPU
		{348EE569-0B8E-4763-AEC4-A202D9144E40}.Release|Any CPU.ActiveCfg = Release|Any CPU
		{348EE569-0B8E-4763-AEC4-A202D9144E40}.Release|Any CPU.Build.0 = Release|Any CPU
	EndGlobalSection
	GlobalSection(SolutionProperties) = preSolution
		HideSolutionNode = FALSE
	EndGlobalSection
	GlobalSection(ExtensibilityGlobals) = postSolution
		SolutionGuid = {586B421E-B51B-4802-AA8A-A3596DDB9A88}
	EndGlobalSection
EndGlobal
